
Microsoft Visual Studio Solution File, Format Version 12.00
# Visual Studio 2017
Project("{FAE04EC0-301F-11D3-BF4B-00C04F79EFBC}") = "GooglePlayGameServices", "GooglePlayGameServices.csproj", "{3A0E9EC2-2553-144A-D6FC-921D5DFCEA0C}"
EndProject
Project("{FAE04EC0-301F-11D3-BF4B-00C04F79EFBC}") = "GooglePlayGameServices.Editor", "GooglePlayGameServices.Editor.csproj", "{C3789C27-AD15-D302-B070-B4E97E637F4A}"
EndProject
Global
	GlobalSection(SolutionConfigurationPlatforms) = preSolution
		Debug|Any CPU = Debug|Any CPU
		Release|Any CPU = Release|Any CPU
	EndGlobalSection
	GlobalSection(ProjectConfigurationPlatforms) = postSolution
		{3A0E9EC2-2553-144A-D6FC-921D5DFCEA0C}.Debug|Any CPU.ActiveCfg = Debug|Any CPU
		{3A0E9EC2-2553-144A-D6FC-921D5DFCEA0C}.Debug|Any CPU.Build.0 = Debug|Any CPU
		{3A0E9EC2-2553-144A-D6FC-921D5DFCEA0C}.Release|Any CPU.ActiveCfg = Release|Any CPU
		{3A0E9EC2-2553-144A-D6FC-921D5DFCEA0C}.Release|Any CPU.Build.0 = Release|Any CPU
		{C3789C27-AD15-D302-B070-B4E97E637F4A}.Debug|Any CPU.ActiveCfg = Debug|Any CPU
		{C3789C27-AD15-D302-B070-B4E97E637F4A}.Debug|Any CPU.Build.0 = Debug|Any CPU
		{C3789C27-AD15-D302-B070-B4E97E637F4A}.Release|Any CPU.ActiveCfg = Release|Any CPU
		{C3789C27-AD15-D302-B070-B4E97E637F4A}.Release|Any CPU.Build.0 = Release|Any CPU
	EndGlobalSection
	GlobalSection(SolutionProperties) = preSolution
		HideSolutionNode = FALSE
	EndGlobalSection
EndGlobal
